
Microsoft Visual Studio Solution File, Format Version 12.00
# Visual Studio 15
VisualStudioVersion = 15.0.28010.2016
MinimumVisualStudioVersion = 10.0.40219.1
Project("{FAE04EC0-301F-11D3-BF4B-00C04F79EFBC}") = "blcokStatusMonitor", "blcokStatusMonitor\blcokStatusMonitor.csproj", "{D3D87737-68BD-4A5E-9C13-C4DC996E5AEF}"
EndProject
Global
	GlobalSection(SolutionConfigurationPlatforms) = preSolution
		Debug|Any CPU = Debug|Any CPU
		Release|Any CPU = Release|Any CPU
	EndGlobalSection
	GlobalSection(ProjectConfigurationPlatforms) = postSolution
		{D3D87737-68BD-4A5E-9C13-C4DC996E5AEF}.Debug|Any CPU.ActiveCfg = Debug|Any CPU
		{D3D87737-68BD-4A5E-9C13-C4DC996E5AEF}.Debug|Any CPU.Build.0 = Debug|Any CPU
		{D3D87737-68BD-4A5E-9C13-C4DC996E5AEF}.Release|Any CPU.ActiveCfg = Release|Any CPU
		{D3D87737-68BD-4A5E-9C13-C4DC996E5AEF}.Release|Any CPU.Build.0 = Release|Any CPU
	EndGlobalSection
	GlobalSection(SolutionProperties) = preSolution
		HideSolutionNode = FALSE
	EndGlobalSection
	GlobalSection(ExtensibilityGlobals) = postSolution
		SolutionGuid = {9DBDEA8F-5D5E-4E45-8A6D-443937427D2E}
	EndGlobalSection
EndGlobal
